{
  "projects": [
    {
      "projectId": "qtkpEraJg2gN978YDtMYaP",
      "version": "latest",
      "dependencies": {},
      "lang": "ts",
      "fileLocks": [
        {
          "type": "globalVariant",
          "assetId": "nCpqQwRKrRf2Hx",
          "checksum": "1f9824457b7f2828dd90e7631d22876e"
        },
        {
          "assetId": "qtkpEraJg2gN978YDtMYaP",
          "type": "projectCss",
          "checksum": "8bf843b77136d97fee595fb66bdaf358"
        },
        {
          "type": "renderModule",
          "assetId": "mPPg8I0ucCOUu",
          "checksum": "e1dda1de517840d16a5a8200ec5a42d5"
        },
        {
          "type": "cssRules",
          "assetId": "mPPg8I0ucCOUu",
          "checksum": "e1dda1de517840d16a5a8200ec5a42d5"
        },
        {
          "type": "renderModule",
          "assetId": "Mn7zz55YD2Ma3v",
          "checksum": "66c70c50d5259aea4d0545a2480a7d1b"
        },
        {
          "type": "cssRules",
          "assetId": "Mn7zz55YD2Ma3v",
          "checksum": "66c70c50d5259aea4d0545a2480a7d1b"
        },
        {
          "type": "renderModule",
          "assetId": "2AU0qEyM1oCTCP",
          "checksum": "3d06f4d976f4fe4ec77aad7f02a75f3a"
        },
        {
          "type": "cssRules",
          "assetId": "2AU0qEyM1oCTCP",
          "checksum": "3d06f4d976f4fe4ec77aad7f02a75f3a"
        },
        {
          "type": "renderModule",
          "assetId": "kosXDNVVRUk_WE",
          "checksum": "da286d7fbea2fa3787496c7dfbafaebf"
        },
        {
          "type": "cssRules",
          "assetId": "kosXDNVVRUk_WE",
          "checksum": "da286d7fbea2fa3787496c7dfbafaebf"
        },
        {
          "type": "renderModule",
          "assetId": "kcMTy-wpYm5s_7",
          "checksum": "ab6a2016ed45bd1e57410db0bd898ea1"
        },
        {
          "type": "cssRules",
          "assetId": "kcMTy-wpYm5s_7",
          "checksum": "ab6a2016ed45bd1e57410db0bd898ea1"
        },
        {
          "type": "renderModule",
          "assetId": "cTOkkRidcYFrIe",
          "checksum": "1711b604466dc3b58e2f2d41b80083ce"
        },
        {
          "type": "cssRules",
          "assetId": "cTOkkRidcYFrIe",
          "checksum": "1711b604466dc3b58e2f2d41b80083ce"
        },
        {
          "type": "renderModule",
          "assetId": "JJc-2jC6k2mJoy",
          "checksum": "ebb7a1ec94cfb307e967d7d4fc1efb5c"
        },
        {
          "type": "cssRules",
          "assetId": "JJc-2jC6k2mJoy",
          "checksum": "ebb7a1ec94cfb307e967d7d4fc1efb5c"
        },
        {
          "type": "renderModule",
          "assetId": "GUmk-LbJ1tM4id",
          "checksum": "afcfefaf58d0ab8b85636f15a7334365"
        },
        {
          "type": "cssRules",
          "assetId": "GUmk-LbJ1tM4id",
          "checksum": "afcfefaf58d0ab8b85636f15a7334365"
        },
        {
          "type": "renderModule",
          "assetId": "fAApUF3-RWThPH",
          "checksum": "c29fe3502a4b8721ac7fa4ba040ab530"
        },
        {
          "type": "cssRules",
          "assetId": "fAApUF3-RWThPH",
          "checksum": "c29fe3502a4b8721ac7fa4ba040ab530"
        },
        {
          "type": "renderModule",
          "assetId": "kaaNaks9l5Jr0_",
          "checksum": "84d72cc5d13326fe139b2157aa0eece5"
        },
        {
          "type": "cssRules",
          "assetId": "kaaNaks9l5Jr0_",
          "checksum": "84d72cc5d13326fe139b2157aa0eece5"
        },
        {
          "type": "renderModule",
          "assetId": "6XRBcj5dbKAqQ0",
          "checksum": "e2ae65cfc5a7c9aeb871d5c2c27959cf"
        },
        {
          "type": "cssRules",
          "assetId": "6XRBcj5dbKAqQ0",
          "checksum": "e2ae65cfc5a7c9aeb871d5c2c27959cf"
        },
        {
          "type": "renderModule",
          "assetId": "1ez9I6FpbEKqEg",
          "checksum": "b7c67be895719e4f678e6539f02793f9"
        },
        {
          "type": "cssRules",
          "assetId": "1ez9I6FpbEKqEg",
          "checksum": "b7c67be895719e4f678e6539f02793f9"
        },
        {
          "type": "renderModule",
          "assetId": "f3MaxzneYzglDZ",
          "checksum": "c5cb5b69a26fef958334c3565734fd03"
        },
        {
          "type": "cssRules",
          "assetId": "f3MaxzneYzglDZ",
          "checksum": "c5cb5b69a26fef958334c3565734fd03"
        },
        {
          "type": "renderModule",
          "assetId": "jM7vs6lScRpWPU",
          "checksum": "02e0eb5bb1e8cf0403c353febe83fa56"
        },
        {
          "type": "cssRules",
          "assetId": "jM7vs6lScRpWPU",
          "checksum": "02e0eb5bb1e8cf0403c353febe83fa56"
        },
        {
          "type": "renderModule",
          "assetId": "sY5-UMWUJodTrY",
          "checksum": "34cbcba7cb8816cd5fac0c7bb8f8ba89"
        },
        {
          "type": "cssRules",
          "assetId": "sY5-UMWUJodTrY",
          "checksum": "34cbcba7cb8816cd5fac0c7bb8f8ba89"
        },
        {
          "type": "renderModule",
          "assetId": "CM18A3LQky7Nr4",
          "checksum": "cbaa204e1273bf66d895f7fad1721499"
        },
        {
          "type": "cssRules",
          "assetId": "CM18A3LQky7Nr4",
          "checksum": "cbaa204e1273bf66d895f7fad1721499"
        },
        {
          "type": "icon",
          "assetId": "Zu9y5vY-DbAu23",
          "checksum": "49aa798f5e29d6d9d01bc8b7337dff40"
        },
        {
          "type": "icon",
          "assetId": "XBPyhmg2Wsbenc",
          "checksum": "39a0fe5b7f9615aea325880b1984ea26"
        },
        {
          "type": "icon",
          "assetId": "S_mtU_iCMI9e-q",
          "checksum": "7cb0ceddd74a196469dbe8f05925c6f2"
        },
        {
          "type": "icon",
          "assetId": "q0KpFQBVuok83c",
          "checksum": "44f8eab8b0827ee83500aa76fd3aa400"
        },
        {
          "type": "icon",
          "assetId": "mYzBtL-wjp2z9W",
          "checksum": "0e1ee7fd0a72d65968c9daec889d8afc"
        },
        {
          "type": "icon",
          "assetId": "Wt4zs8noN7sd2H",
          "checksum": "9b78a9d8e554089eb6fedad4d1eec0dd"
        },
        {
          "type": "icon",
          "assetId": "dyE5K1dzF_qii4",
          "checksum": "4989126f76f41b7189f5a26e79a30c46"
        },
        {
          "type": "icon",
          "assetId": "nO_1wxfmPKvWbo",
          "checksum": "b65358fa2199df6340c2f6a3707da735"
        },
        {
          "type": "icon",
          "assetId": "gHCuOW8JEryqrm",
          "checksum": "731ff1f35c48ca3e77001952f97e9bcd"
        },
        {
          "type": "icon",
          "assetId": "yLX3owivRxFuO1",
          "checksum": "1cacf4ad1a24aa18ab23b1e03bde7788"
        },
        {
          "type": "icon",
          "assetId": "_QAU6Sxfpz1Lu0",
          "checksum": "8df4d6ce9715d82cfdac7f55b6bc1f34"
        },
        {
          "type": "icon",
          "assetId": "iQv5jNrYURIoDO",
          "checksum": "fddf6d6555cd4fcbdf5b77c950ca22f0"
        },
        {
          "type": "icon",
          "assetId": "5oaCKH7Tx8FmzM",
          "checksum": "e55acdbbed4b8f76c943b5647e5ea4eb"
        },
        {
          "type": "icon",
          "assetId": "71Wi_3Opbgh6Wm",
          "checksum": "54218154147b22283f628f678f2788d2"
        },
        {
          "type": "icon",
          "assetId": "jXE_L29QqoAFuk",
          "checksum": "417b4247b62479c294882a69cabe3c1b"
        },
        {
          "type": "icon",
          "assetId": "lDxLgl1XFFiQRC",
          "checksum": "d9a30494befb025c08d8f9e7cc8ab411"
        },
        {
          "type": "icon",
          "assetId": "ht1qXa_D9QPUBn",
          "checksum": "85ae34b9611a7c73d9743e8186e3ef27"
        },
        {
          "type": "image",
          "assetId": "h4kmfugvjYsnRQ",
          "checksum": "63f4d9a89e4f59f62daafeb6e5060173"
        },
        {
          "type": "image",
          "assetId": "rnbhXfB1K_micX",
          "checksum": "2c1436b63407f6d28632195ead32a31a"
        },
        {
          "type": "image",
          "assetId": "cZnrTN8LSnThml",
          "checksum": "d31c3d3d5db784b2fb9d6eb24a36a6b8"
        },
        {
          "type": "image",
          "assetId": "-JB6RR_S2u0HQO",
          "checksum": "66bd2759c16545a25a4971698d704db3"
        },
        {
          "type": "image",
          "assetId": "nqBuRK4gWwBzES",
          "checksum": "8e670b8df8841cc200c6b1f8cf67b053"
        },
        {
          "type": "image",
          "assetId": "xGFWK0Np_QDCr7",
          "checksum": "93b6eda83ef724aee53e978d1feb1c46"
        },
        {
          "type": "image",
          "assetId": "1t6NpRswikcrGW",
          "checksum": "8736d0e1a3938e043cfdc8654f175491"
        },
        {
          "type": "image",
          "assetId": "Djtfm84s-WoEHp",
          "checksum": "17d5ab08a2c8b5f34c3515beaf599188"
        },
        {
          "type": "image",
          "assetId": "AoTOfQaPBfz3Mg",
          "checksum": "c9336c2c5c8eaa61244c76a152a9d009"
        },
        {
          "type": "image",
          "assetId": "79Zsrw4TbOR6sB",
          "checksum": "5f4abf8318c477db174e1f3f3b512cbc"
        },
        {
          "type": "image",
          "assetId": "8G_RiVqJXyXZuW",
          "checksum": "b5d11d47e159310e699bdfb9ae0f9a25"
        },
        {
          "type": "image",
          "assetId": "_PsLN8Cp9zIN9w",
          "checksum": "73eb6f1461c4ccf1a00b867f86c806d2"
        },
        {
          "type": "image",
          "assetId": "pnUvrjgdfh7iSR",
          "checksum": "105d757f68628a6d6eb0e56bdef5fb75"
        },
        {
          "type": "image",
          "assetId": "z8J171xag6pv37",
          "checksum": "a829dda4f8397952485e6e1574b63986"
        },
        {
          "type": "image",
          "assetId": "13rB2XCYZM_Qj4",
          "checksum": "d39b0ebcdef45e43f237fdad802d9164"
        },
        {
          "type": "image",
          "assetId": "aeQUEdEY66XRDt",
          "checksum": "a0fed1bf399f84c2a95507b4bf8ce9a9"
        },
        {
          "type": "image",
          "assetId": "NCWkcKXF02BOqT",
          "checksum": "d51ff499c430114fd94665397019c6d6"
        },
        {
          "type": "image",
          "assetId": "h4PpQ4hgncQwyA",
          "checksum": "ae1d7d418867cd7637c0398f963c7d7e"
        },
        {
          "type": "image",
          "assetId": "V4LaiN8DC7_KnP",
          "checksum": "75985c51eda10bbd98ed48656597add9"
        },
        {
          "type": "image",
          "assetId": "BaiNHAFZHOMWZJ",
          "checksum": "5391aed30419c6d1c79ed7efea9ed7cc"
        }
      ],
      "codegenVersion": "0.0.1"
    }
  ],
  "cliVersion": "0.1.184"
}
