{
  "projects": [
    {
      "projectId": "qtkpEraJg2gN978YDtMYaP",
      "version": "latest",
      "dependencies": {
        "8PtdGodUbexNYgkuyBUcWu": "3.0.4"
      },
      "lang": "ts",
      "fileLocks": [
        {
          "type": "globalVariant",
          "assetId": "nCpqQwRKrRf2Hx",
          "checksum": "2d3782f14cda180ba2e7e2987f754eaf"
        },
        {
          "type": "renderModule",
          "assetId": "mPPg8I0ucCOUu",
          "checksum": "55f6148bfeed8b222499e6e403b43b29"
        },
        {
          "type": "cssRules",
          "assetId": "mPPg8I0ucCOUu",
          "checksum": "55f6148bfeed8b222499e6e403b43b29"
        },
        {
          "type": "renderModule",
          "assetId": "Mn7zz55YD2Ma3v",
          "checksum": "eac8e528eb9cc6d8ae9ee2963700472a"
        },
        {
          "type": "cssRules",
          "assetId": "Mn7zz55YD2Ma3v",
          "checksum": "eac8e528eb9cc6d8ae9ee2963700472a"
        },
        {
          "type": "renderModule",
          "assetId": "2AU0qEyM1oCTCP",
          "checksum": "2b71ae239e4898811506a583af82cdac"
        },
        {
          "type": "cssRules",
          "assetId": "2AU0qEyM1oCTCP",
          "checksum": "2b71ae239e4898811506a583af82cdac"
        },
        {
          "type": "renderModule",
          "assetId": "kosXDNVVRUk_WE",
          "checksum": "9b71c7f15db0b195f4b1d9f52a7e1889"
        },
        {
          "type": "cssRules",
          "assetId": "kosXDNVVRUk_WE",
          "checksum": "9b71c7f15db0b195f4b1d9f52a7e1889"
        },
        {
          "type": "renderModule",
          "assetId": "kcMTy-wpYm5s_7",
          "checksum": "817ecb260b8c7c277ba3b172fc7a3910"
        },
        {
          "type": "cssRules",
          "assetId": "kcMTy-wpYm5s_7",
          "checksum": "817ecb260b8c7c277ba3b172fc7a3910"
        },
        {
          "type": "renderModule",
          "assetId": "cTOkkRidcYFrIe",
          "checksum": "09cd5d7cb476d6c5bcca353542fd268c"
        },
        {
          "type": "cssRules",
          "assetId": "cTOkkRidcYFrIe",
          "checksum": "09cd5d7cb476d6c5bcca353542fd268c"
        },
        {
          "type": "renderModule",
          "assetId": "JJc-2jC6k2mJoy",
          "checksum": "9ee752a74bfac95bde11a40c343a4138"
        },
        {
          "type": "cssRules",
          "assetId": "JJc-2jC6k2mJoy",
          "checksum": "9ee752a74bfac95bde11a40c343a4138"
        },
        {
          "type": "renderModule",
          "assetId": "GUmk-LbJ1tM4id",
          "checksum": "9b210e6dbe2f25b3a191c090edc2c888"
        },
        {
          "type": "cssRules",
          "assetId": "GUmk-LbJ1tM4id",
          "checksum": "9b210e6dbe2f25b3a191c090edc2c888"
        },
        {
          "type": "renderModule",
          "assetId": "fAApUF3-RWThPH",
          "checksum": "9b0322b5b78f248122fc329fdbc342d8"
        },
        {
          "type": "cssRules",
          "assetId": "fAApUF3-RWThPH",
          "checksum": "9b0322b5b78f248122fc329fdbc342d8"
        },
        {
          "type": "renderModule",
          "assetId": "kaaNaks9l5Jr0_",
          "checksum": "0873848c27276d305c8adf2aaa4fc117"
        },
        {
          "type": "cssRules",
          "assetId": "kaaNaks9l5Jr0_",
          "checksum": "0873848c27276d305c8adf2aaa4fc117"
        },
        {
          "type": "renderModule",
          "assetId": "6XRBcj5dbKAqQ0",
          "checksum": "0dcd94f9b25fb3922233dda18e682c38"
        },
        {
          "type": "cssRules",
          "assetId": "6XRBcj5dbKAqQ0",
          "checksum": "0dcd94f9b25fb3922233dda18e682c38"
        },
        {
          "type": "renderModule",
          "assetId": "1ez9I6FpbEKqEg",
          "checksum": "7950c8943c09ae1fadedfcc3d81b31ac"
        },
        {
          "type": "cssRules",
          "assetId": "1ez9I6FpbEKqEg",
          "checksum": "7950c8943c09ae1fadedfcc3d81b31ac"
        },
        {
          "type": "renderModule",
          "assetId": "f3MaxzneYzglDZ",
          "checksum": "89bb7fe552684e6fade58784f4e9ddb8"
        },
        {
          "type": "cssRules",
          "assetId": "f3MaxzneYzglDZ",
          "checksum": "89bb7fe552684e6fade58784f4e9ddb8"
        },
        {
          "type": "renderModule",
          "assetId": "jM7vs6lScRpWPU",
          "checksum": "648178e76f3dd2ba06fecef166787b8b"
        },
        {
          "type": "cssRules",
          "assetId": "jM7vs6lScRpWPU",
          "checksum": "648178e76f3dd2ba06fecef166787b8b"
        },
        {
          "type": "renderModule",
          "assetId": "sY5-UMWUJodTrY",
          "checksum": "6b3f5eecf2b2b1e1e309e003aadefad0"
        },
        {
          "type": "cssRules",
          "assetId": "sY5-UMWUJodTrY",
          "checksum": "6b3f5eecf2b2b1e1e309e003aadefad0"
        },
        {
          "type": "renderModule",
          "assetId": "CM18A3LQky7Nr4",
          "checksum": "d569b7b3b2db43d1daca2361bdb7a0a3"
        },
        {
          "type": "cssRules",
          "assetId": "CM18A3LQky7Nr4",
          "checksum": "d569b7b3b2db43d1daca2361bdb7a0a3"
        },
        {
          "type": "icon",
          "assetId": "Zu9y5vY-DbAu23",
          "checksum": "49aa798f5e29d6d9d01bc8b7337dff40"
        },
        {
          "type": "icon",
          "assetId": "XBPyhmg2Wsbenc",
          "checksum": "39a0fe5b7f9615aea325880b1984ea26"
        },
        {
          "type": "icon",
          "assetId": "S_mtU_iCMI9e-q",
          "checksum": "7cb0ceddd74a196469dbe8f05925c6f2"
        },
        {
          "type": "icon",
          "assetId": "q0KpFQBVuok83c",
          "checksum": "44f8eab8b0827ee83500aa76fd3aa400"
        },
        {
          "type": "icon",
          "assetId": "mYzBtL-wjp2z9W",
          "checksum": "0e1ee7fd0a72d65968c9daec889d8afc"
        },
        {
          "type": "icon",
          "assetId": "Wt4zs8noN7sd2H",
          "checksum": "9b78a9d8e554089eb6fedad4d1eec0dd"
        },
        {
          "type": "icon",
          "assetId": "dyE5K1dzF_qii4",
          "checksum": "4989126f76f41b7189f5a26e79a30c46"
        },
        {
          "type": "icon",
          "assetId": "nO_1wxfmPKvWbo",
          "checksum": "b65358fa2199df6340c2f6a3707da735"
        },
        {
          "type": "icon",
          "assetId": "gHCuOW8JEryqrm",
          "checksum": "731ff1f35c48ca3e77001952f97e9bcd"
        },
        {
          "type": "icon",
          "assetId": "yLX3owivRxFuO1",
          "checksum": "1cacf4ad1a24aa18ab23b1e03bde7788"
        },
        {
          "type": "icon",
          "assetId": "_QAU6Sxfpz1Lu0",
          "checksum": "8df4d6ce9715d82cfdac7f55b6bc1f34"
        },
        {
          "type": "icon",
          "assetId": "iQv5jNrYURIoDO",
          "checksum": "fddf6d6555cd4fcbdf5b77c950ca22f0"
        },
        {
          "type": "icon",
          "assetId": "5oaCKH7Tx8FmzM",
          "checksum": "e55acdbbed4b8f76c943b5647e5ea4eb"
        },
        {
          "type": "icon",
          "assetId": "71Wi_3Opbgh6Wm",
          "checksum": "54218154147b22283f628f678f2788d2"
        },
        {
          "type": "icon",
          "assetId": "jXE_L29QqoAFuk",
          "checksum": "417b4247b62479c294882a69cabe3c1b"
        },
        {
          "type": "icon",
          "assetId": "lDxLgl1XFFiQRC",
          "checksum": "d9a30494befb025c08d8f9e7cc8ab411"
        },
        {
          "type": "icon",
          "assetId": "ht1qXa_D9QPUBn",
          "checksum": "85ae34b9611a7c73d9743e8186e3ef27"
        },
        {
          "type": "image",
          "assetId": "h4kmfugvjYsnRQ",
          "checksum": "63f4d9a89e4f59f62daafeb6e5060173"
        },
        {
          "type": "image",
          "assetId": "rnbhXfB1K_micX",
          "checksum": "2c1436b63407f6d28632195ead32a31a"
        },
        {
          "type": "image",
          "assetId": "cZnrTN8LSnThml",
          "checksum": "d31c3d3d5db784b2fb9d6eb24a36a6b8"
        },
        {
          "type": "image",
          "assetId": "-JB6RR_S2u0HQO",
          "checksum": "66bd2759c16545a25a4971698d704db3"
        },
        {
          "type": "image",
          "assetId": "nqBuRK4gWwBzES",
          "checksum": "8e670b8df8841cc200c6b1f8cf67b053"
        },
        {
          "type": "image",
          "assetId": "xGFWK0Np_QDCr7",
          "checksum": "93b6eda83ef724aee53e978d1feb1c46"
        },
        {
          "type": "image",
          "assetId": "1t6NpRswikcrGW",
          "checksum": "8736d0e1a3938e043cfdc8654f175491"
        },
        {
          "type": "image",
          "assetId": "Djtfm84s-WoEHp",
          "checksum": "17d5ab08a2c8b5f34c3515beaf599188"
        },
        {
          "type": "image",
          "assetId": "AoTOfQaPBfz3Mg",
          "checksum": "c9336c2c5c8eaa61244c76a152a9d009"
        },
        {
          "type": "image",
          "assetId": "79Zsrw4TbOR6sB",
          "checksum": "5f4abf8318c477db174e1f3f3b512cbc"
        },
        {
          "type": "image",
          "assetId": "8G_RiVqJXyXZuW",
          "checksum": "b5d11d47e159310e699bdfb9ae0f9a25"
        },
        {
          "type": "image",
          "assetId": "_PsLN8Cp9zIN9w",
          "checksum": "73eb6f1461c4ccf1a00b867f86c806d2"
        },
        {
          "type": "image",
          "assetId": "pnUvrjgdfh7iSR",
          "checksum": "105d757f68628a6d6eb0e56bdef5fb75"
        },
        {
          "type": "image",
          "assetId": "z8J171xag6pv37",
          "checksum": "a829dda4f8397952485e6e1574b63986"
        },
        {
          "type": "image",
          "assetId": "13rB2XCYZM_Qj4",
          "checksum": "d39b0ebcdef45e43f237fdad802d9164"
        },
        {
          "type": "image",
          "assetId": "aeQUEdEY66XRDt",
          "checksum": "a0fed1bf399f84c2a95507b4bf8ce9a9"
        },
        {
          "type": "image",
          "assetId": "NCWkcKXF02BOqT",
          "checksum": "d51ff499c430114fd94665397019c6d6"
        },
        {
          "type": "image",
          "assetId": "h4PpQ4hgncQwyA",
          "checksum": "ae1d7d418867cd7637c0398f963c7d7e"
        },
        {
          "type": "image",
          "assetId": "V4LaiN8DC7_KnP",
          "checksum": "75985c51eda10bbd98ed48656597add9"
        },
        {
          "type": "image",
          "assetId": "BaiNHAFZHOMWZJ",
          "checksum": "5391aed30419c6d1c79ed7efea9ed7cc"
        },
        {
          "type": "renderModule",
          "assetId": "WMNdaZGNmns",
          "checksum": "60ead302e3fb48787164b79fa91ddb02"
        },
        {
          "type": "cssRules",
          "assetId": "WMNdaZGNmns",
          "checksum": "60ead302e3fb48787164b79fa91ddb02"
        },
        {
          "assetId": "qtkpEraJg2gN978YDtMYaP",
          "checksum": "0e09561123ef6372108923e59285eee4",
          "type": "globalContexts"
        },
        {
          "type": "renderModule",
          "assetId": "_2BVlTZVvM",
          "checksum": "f5eb0c595652ed7db5d4973a6e8f4681"
        },
        {
          "type": "cssRules",
          "assetId": "_2BVlTZVvM",
          "checksum": "f5eb0c595652ed7db5d4973a6e8f4681"
        },
        {
          "type": "image",
          "assetId": "ppplzOvmX",
          "checksum": "49de5d5aaf501a512e3d923d6dd18d84"
        },
        {
          "type": "image",
          "assetId": "I2GM6NBZH",
          "checksum": "83eaaa0097442f5092714e5251c62033"
        },
        {
          "type": "image",
          "assetId": "K8FruciDb",
          "checksum": "c484b69e8a772fc6ed37fdafb1eb2da5"
        },
        {
          "type": "image",
          "assetId": "7YCWMUKbw",
          "checksum": "6f41947122309558168081756c425a35"
        },
        {
          "type": "image",
          "assetId": "E8U92xy9B",
          "checksum": "6eb4b265ed935ca4779f8ef7b4683d6c"
        },
        {
          "type": "image",
          "assetId": "7_NDJgMSb",
          "checksum": "970bef80f2e8e5d7638628b12c82dd9d"
        },
        {
          "type": "renderModule",
          "assetId": "_Sa5uF9FlTQ",
          "checksum": "cd88733a0aade9eb469d7033dabe5a34"
        },
        {
          "type": "cssRules",
          "assetId": "_Sa5uF9FlTQ",
          "checksum": "cd88733a0aade9eb469d7033dabe5a34"
        },
        {
          "type": "renderModule",
          "assetId": "RdOB0C9oEvS",
          "checksum": "590597f02deb45fe19a1cad7018bd135"
        },
        {
          "type": "cssRules",
          "assetId": "RdOB0C9oEvS",
          "checksum": "590597f02deb45fe19a1cad7018bd135"
        },
        {
          "type": "renderModule",
          "assetId": "DhprYlf-5nu",
          "checksum": "b048c22c2fb9f4cc0fe3077e15d72299"
        },
        {
          "type": "cssRules",
          "assetId": "DhprYlf-5nu",
          "checksum": "b048c22c2fb9f4cc0fe3077e15d72299"
        },
        {
          "type": "renderModule",
          "assetId": "VqqXUhJrgP",
          "checksum": "74d452f7aa081a1b6457cfc8f5764557"
        },
        {
          "type": "cssRules",
          "assetId": "VqqXUhJrgP",
          "checksum": "74d452f7aa081a1b6457cfc8f5764557"
        },
        {
          "type": "renderModule",
          "assetId": "UgNbjXEvxu8",
          "checksum": "bd585b42e16ee359342bf1cc24232bca"
        },
        {
          "type": "cssRules",
          "assetId": "UgNbjXEvxu8",
          "checksum": "bd585b42e16ee359342bf1cc24232bca"
        },
        {
          "type": "image",
          "assetId": "1gV8bx1Dd",
          "checksum": "619dec371a06498605f53b4f2780bda8"
        },
        {
          "type": "image",
          "assetId": "AT0WNr_dT",
          "checksum": "ae14b412e4a0ad11969ac96786c1cf94"
        },
        {
          "type": "image",
          "assetId": "f0PzbhGC2",
          "checksum": "8f1cc89c2441f0db620162cd22b53328"
        },
        {
          "type": "image",
          "assetId": "c5Q4BVDV2",
          "checksum": "d03b3b946addacb7592b06a7af4567b5"
        },
        {
          "type": "image",
          "assetId": "M85Usc1H7",
          "checksum": "5747da1f68ed61747f82f5294860aa52"
        },
        {
          "type": "image",
          "assetId": "UC74--Ph3",
          "checksum": "e2acd046e91abc5b56680b019dbff04d"
        },
        {
          "type": "image",
          "assetId": "apCdvE3bw",
          "checksum": "d27013823dea3cb2923bf6ba72a6f2fa"
        },
        {
          "type": "image",
          "assetId": "AxLoRSdfi",
          "checksum": "9b930077e54d117e7f75492e307cdaf5"
        },
        {
          "type": "image",
          "assetId": "OY_75ovqO",
          "checksum": "6b1dda8be8169dc99372770ca1bf2cc0"
        },
        {
          "type": "image",
          "assetId": "mBwlGZ1Zf",
          "checksum": "8b229201f171a53cf5ad11d1cf451d99"
        },
        {
          "type": "image",
          "assetId": "FyoylRWtm",
          "checksum": "7ca9a0b92c4764bcbf309e692ce03eca"
        },
        {
          "assetId": "qtkpEraJg2gN978YDtMYaP",
          "type": "projectCss",
          "checksum": "81ccbf34b40e3193c67b794a276c1f20"
        }
      ],
      "codegenVersion": "0.0.1"
    },
    {
      "projectId": "8PtdGodUbexNYgkuyBUcWu",
      "version": "3.0.4",
      "dependencies": {},
      "lang": "ts",
      "fileLocks": [
        {
          "assetId": "8PtdGodUbexNYgkuyBUcWu",
          "type": "projectCss",
          "checksum": "da821b8a13553da707c9dc8f51234863"
        },
        {
          "assetId": "8PtdGodUbexNYgkuyBUcWu",
          "checksum": "82081a65ef0a9809edc60ec6b4a9d708",
          "type": "globalContexts"
        }
      ],
      "codegenVersion": "0.0.1"
    }
  ],
  "cliVersion": "0.1.184"
}
